// !$*UTF8*$!
{
	archiveVersion = 1;
	classes = {
	};
	objectVersion = 50;
	objects = {

/* Begin PBXBuildFile section */
		545D580620EB91900061C0B8 /* AppDelegate.m in Sources */ = {isa = PBXBuildFile; fileRef = 545D580520EB91900061C0B8 /* AppDelegate.m */; };
		545D580920EB91900061C0B8 /* ViewController.mm in Sources */ = {isa = PBXBuildFile; fileRef = 545D580820EB91900061C0B8 /* ViewController.mm */; };
		545D580B20EB91910061C0B8 /* Assets.xcassets in Resources */ = {isa = PBXBuildFile; fileRef = 545D580A20EB91910061C0B8 /* Assets.xcassets */; };
		545D580E20EB91910061C0B8 /* Main.storyboard in Resources */ = {isa = PBXBuildFile; fileRef = 545D580C20EB91910061C0B8 /* Main.storyboard */; };
		545D581120EB91910061C0B8 /* main.m in Sources */ = {isa = PBXBuildFile; fileRef = 545D581020EB91910061C0B8 /* main.m */; };
		545D581C20EB91910061C0B8 /* MetalExperimentsTests.m in Sources */ = {isa = PBXBuildFile; fileRef = 545D581B20EB91910061C0B8 /* MetalExperimentsTests.m */; };
		54C610B120EBA76F00E6DB66 /* MetalKit.framework in Frameworks */ = {isa = PBXBuildFile; fileRef = 54C610B020EBA76F00E6DB66 /* MetalKit.framework */; };
		54C610B320EBA77500E6DB66 /* Metal.framework in Frameworks */ = {isa = PBXBuildFile; fileRef = 54C610B220EBA77500E6DB66 /* Metal.framework */; };
		54C610B520EBAB1000E6DB66 /* Shaders.metal in Sources */ = {isa = PBXBuildFile; fileRef = 54C610B420EBAB1000E6DB66 /* Shaders.metal */; };
		54C610B720EBD87700E6DB66 /* QuartzCore.framework in Frameworks */ = {isa = PBXBuildFile; fileRef = 54C610B620EBD87700E6DB66 /* QuartzCore.framework */; };
		54C610B920EBD8F000E6DB66 /* Quartz.framework in Frameworks */ = {isa = PBXBuildFile; fileRef = 54C610B820EBD8EF00E6DB66 /* Quartz.framework */; };
		C9FFFBBD9F49FED262B733E0 /* MainView.mm in Sources */ = {isa = PBXBuildFile; fileRef = C9FFFC80A63A33402B2178AF /* MainView.mm */; };
/* End PBXBuildFile section */

/* Begin PBXContainerItemProxy section */
		545D581820EB91910061C0B8 /* PBXContainerItemProxy */ = {
			isa = PBXContainerItemProxy;
			containerPortal = 545D57F920EB91900061C0B8 /* Project object */;
			proxyType = 1;
			remoteGlobalIDString = 545D580020EB91900061C0B8;
			remoteInfo = MetalExperiments;
		};
/* End PBXContainerItemProxy section */

/* Begin PBXFileReference section */
		545D580120EB91900061C0B8 /* MetalExperiments.app */ = {isa = PBXFileReference; explicitFileType = wrapper.application; includeInIndex = 0; path = MetalExperiments.app; sourceTree = BUILT_PRODUCTS_DIR; };
		545D580420EB91900061C0B8 /* AppDelegate.h */ = {isa = PBXFileReference; lastKnownFileType = sourcecode.c.h; path = AppDelegate.h; sourceTree = "<group>"; };
		545D580520EB91900061C0B8 /* AppDelegate.m */ = {isa = PBXFileReference; lastKnownFileType = sourcecode.c.objc; path = AppDelegate.m; sourceTree = "<group>"; };
		545D580720EB91900061C0B8 /* ViewController.h */ = {isa = PBXFileReference; lastKnownFileType = sourcecode.c.h; path = ViewController.h; sourceTree = "<group>"; };
		545D580820EB91900061C0B8 /* ViewController.mm */ = {isa = PBXFileReference; lastKnownFileType = sourcecode.cpp.objcpp; path = ViewController.mm; sourceTree = "<group>"; };
		545D580A20EB91910061C0B8 /* Assets.xcassets */ = {isa = PBXFileReference; lastKnownFileType = folder.assetcatalog; path = Assets.xcassets; sourceTree = "<group>"; };
		545D580D20EB91910061C0B8 /* Base */ = {isa = PBXFileReference; lastKnownFileType = file.storyboard; name = Base; path = Base.lproj/Main.storyboard; sourceTree = "<group>"; };
		545D580F20EB91910061C0B8 /* Info.plist */ = {isa = PBXFileReference; lastKnownFileType = text.plist.xml; path = Info.plist; sourceTree = "<group>"; };
		545D581020EB91910061C0B8 /* main.m */ = {isa = PBXFileReference; lastKnownFileType = sourcecode.c.objc; path = main.m; sourceTree = "<group>"; };
		545D581220EB91910061C0B8 /* MetalExperiments.entitlements */ = {isa = PBXFileReference; lastKnownFileType = text.plist.entitlements; path = MetalExperiments.entitlements; sourceTree = "<group>"; };
		545D581720EB91910061C0B8 /* MetalExperimentsTests.xctest */ = {isa = PBXFileReference; explicitFileType = wrapper.cfbundle; includeInIndex = 0; path = MetalExperimentsTests.xctest; sourceTree = BUILT_PRODUCTS_DIR; };
		545D581B20EB91910061C0B8 /* MetalExperimentsTests.m */ = {isa = PBXFileReference; lastKnownFileType = sourcecode.c.objc; path = MetalExperimentsTests.m; sourceTree = "<group>"; };
		545D581D20EB91910061C0B8 /* Info.plist */ = {isa = PBXFileReference; lastKnownFileType = text.plist.xml; path = Info.plist; sourceTree = "<group>"; };
		54C610B020EBA76F00E6DB66 /* MetalKit.framework */ = {isa = PBXFileReference; lastKnownFileType = wrapper.framework; name = MetalKit.framework; path = System/Library/Frameworks/MetalKit.framework; sourceTree = SDKROOT; };
		54C610B220EBA77500E6DB66 /* Metal.framework */ = {isa = PBXFileReference; lastKnownFileType = wrapper.framework; name = Metal.framework; path = System/Library/Frameworks/Metal.framework; sourceTree = SDKROOT; };
		54C610B420EBAB1000E6DB66 /* Shaders.metal */ = {isa = PBXFileReference; lastKnownFileType = sourcecode.metal; path = Shaders.metal; sourceTree = "<group>"; };
		54C610B620EBD87700E6DB66 /* QuartzCore.framework */ = {isa = PBXFileReference; lastKnownFileType = wrapper.framework; name = QuartzCore.framework; path = System/Library/Frameworks/QuartzCore.framework; sourceTree = SDKROOT; };
		54C610B820EBD8EF00E6DB66 /* Quartz.framework */ = {isa = PBXFileReference; lastKnownFileType = wrapper.framework; name = Quartz.framework; path = System/Library/Frameworks/Quartz.framework; sourceTree = SDKROOT; };
		C9FFF17B585300C6A4005A82 /* MainView.h */ = {isa = PBXFileReference; fileEncoding = 4; lastKnownFileType = sourcecode.c.h; path = MainView.h; sourceTree = "<group>"; };
		C9FFFC80A63A33402B2178AF /* MainView.mm */ = {isa = PBXFileReference; fileEncoding = 4; lastKnownFileType = sourcecode.cpp.objcpp; path = MainView.mm; sourceTree = "<group>"; };
/* End PBXFileReference section */

/* Begin PBXFrameworksBuildPhase section */
		545D57FE20EB91900061C0B8 /* Frameworks */ = {
			isa = PBXFrameworksBuildPhase;
			buildActionMask = 2147483647;
			files = (
				54C610B920EBD8F000E6DB66 /* Quartz.framework in Frameworks */,
				54C610B720EBD87700E6DB66 /* QuartzCore.framework in Frameworks */,
				54C610B320EBA77500E6DB66 /* Metal.framework in Frameworks */,
				54C610B120EBA76F00E6DB66 /* MetalKit.framework in Frameworks */,
			);
			runOnlyForDeploymentPostprocessing = 0;
		};
		545D581420EB91910061C0B8 /* Frameworks */ = {
			isa = PBXFrameworksBuildPhase;
			buildActionMask = 2147483647;
			files = (
			);
			runOnlyForDeploymentPostprocessing = 0;
		};
/* End PBXFrameworksBuildPhase section */

/* Begin PBXGroup section */
		545D57F820EB91900061C0B8 = {
			isa = PBXGroup;
			children = (
				545D580320EB91900061C0B8 /* MetalExperiments */,
				545D581A20EB91910061C0B8 /* MetalExperimentsTests */,
				545D580220EB91900061C0B8 /* Products */,
				54C610AF20EBA76F00E6DB66 /* Frameworks */,
			);
			sourceTree = "<group>";
		};
		545D580220EB91900061C0B8 /* Products */ = {
			isa = PBXGroup;
			children = (
				545D580120EB91900061C0B8 /* MetalExperiments.app */,
				545D581720EB91910061C0B8 /* MetalExperimentsTests.xctest */,
			);
			name = Products;
			sourceTree = "<group>";
		};
		545D580320EB91900061C0B8 /* MetalExperiments */ = {
			isa = PBXGroup;
			children = (
				545D580420EB91900061C0B8 /* AppDelegate.h */,
				54C610B420EBAB1000E6DB66 /* Shaders.metal */,
				545D580520EB91900061C0B8 /* AppDelegate.m */,
				545D580720EB91900061C0B8 /* ViewController.h */,
				545D580820EB91900061C0B8 /* ViewController.mm */,
				545D580A20EB91910061C0B8 /* Assets.xcassets */,
				545D580C20EB91910061C0B8 /* Main.storyboard */,
				545D580F20EB91910061C0B8 /* Info.plist */,
				545D581020EB91910061C0B8 /* main.m */,
				545D581220EB91910061C0B8 /* MetalExperiments.entitlements */,
				C9FFFC80A63A33402B2178AF /* MainView.mm */,
				C9FFF17B585300C6A4005A82 /* MainView.h */,
			);
			path = MetalExperiments;
			sourceTree = "<group>";
		};
		545D581A20EB91910061C0B8 /* MetalExperimentsTests */ = {
			isa = PBXGroup;
			children = (
				545D581B20EB91910061C0B8 /* MetalExperimentsTests.m */,
				545D581D20EB91910061C0B8 /* Info.plist */,
			);
			path = MetalExperimentsTests;
			sourceTree = "<group>";
		};
		54C610AF20EBA76F00E6DB66 /* Frameworks */ = {
			isa = PBXGroup;
			children = (
				54C610B820EBD8EF00E6DB66 /* Quartz.framework */,
				54C610B620EBD87700E6DB66 /* QuartzCore.framework */,
				54C610B220EBA77500E6DB66 /* Metal.framework */,
				54C610B020EBA76F00E6DB66 /* MetalKit.framework */,
			);
			name = Frameworks;
			sourceTree = "<group>";
		};
/* End PBXGroup section */

/* Begin PBXNativeTarget section */
		545D580020EB91900061C0B8 /* MetalExperiments */ = {
			isa = PBXNativeTarget;
			buildConfigurationList = 545D582020EB91910061C0B8 /* Build configuration list for PBXNativeTarget "MetalExperiments" */;
			buildPhases = (
				545D57FD20EB91900061C0B8 /* Sources */,
				545D57FE20EB91900061C0B8 /* Frameworks */,
				545D57FF20EB91900061C0B8 /* Resources */,
			);
			buildRules = (
			);
			dependencies = (
			);
			name = MetalExperiments;
			productName = MetalExperiments;
			productReference = 545D580120EB91900061C0B8 /* MetalExperiments.app */;
			productType = "com.apple.product-type.application";
		};
		545D581620EB91910061C0B8 /* MetalExperimentsTests */ = {
			isa = PBXNativeTarget;
			buildConfigurationList = 545D582320EB91910061C0B8 /* Build configuration list for PBXNativeTarget "MetalExperimentsTests" */;
			buildPhases = (
				545D581320EB91910061C0B8 /* Sources */,
				545D581420EB91910061C0B8 /* Frameworks */,
				545D581520EB91910061C0B8 /* Resources */,
			);
			buildRules = (
			);
			dependencies = (
				545D581920EB91910061C0B8 /* PBXTargetDependency */,
			);
			name = MetalExperimentsTests;
			productName = MetalExperimentsTests;
			productReference = 545D581720EB91910061C0B8 /* MetalExperimentsTests.xctest */;
			productType = "com.apple.product-type.bundle.unit-test";
		};
/* End PBXNativeTarget section */

/* Begin PBXProject section */
		545D57F920EB91900061C0B8 /* Project object */ = {
			isa = PBXProject;
			attributes = {
				LastUpgradeCheck = 0940;
				ORGANIZATIONNAME = Neborosoft;
				TargetAttributes = {
					545D580020EB91900061C0B8 = {
						CreatedOnToolsVersion = 9.4.1;
					};
					545D581620EB91910061C0B8 = {
						CreatedOnToolsVersion = 9.4.1;
						TestTargetID = 545D580020EB91900061C0B8;
					};
				};
			};
			buildConfigurationList = 545D57FC20EB91900061C0B8 /* Build configuration list for PBXProject "MetalExperiments" */;
			compatibilityVersion = "Xcode 9.3";
			developmentRegion = en;
			hasScannedForEncodings = 0;
			knownRegions = (
				en,
				Base,
			);
			mainGroup = 545D57F820EB91900061C0B8;
			productRefGroup = 545D580220EB91900061C0B8 /* Products */;
			projectDirPath = "";
			projectRoot = "";
			targets = (
				545D580020EB91900061C0B8 /* MetalExperiments */,
				545D581620EB91910061C0B8 /* MetalExperimentsTests */,
			);
		};
/* End PBXProject section */

/* Begin PBXResourcesBuildPhase section */
		545D57FF20EB91900061C0B8 /* Resources */ = {
			isa = PBXResourcesBuildPhase;
			buildActionMask = 2147483647;
			files = (
				545D580B20EB91910061C0B8 /* Assets.xcassets in Resources */,
				545D580E20EB91910061C0B8 /* Main.storyboard in Resources */,
			);
			runOnlyForDeploymentPostprocessing = 0;
		};
		545D581520EB91910061C0B8 /* Resources */ = {
			isa = PBXResourcesBuildPhase;
			buildActionMask = 2147483647;
			files = (
			);
			runOnlyForDeploymentPostprocessing = 0;
		};
/* End PBXResourcesBuildPhase section */

/* Begin PBXSourcesBuildPhase section */
		545D57FD20EB91900061C0B8 /* Sources */ = {
			isa = PBXSourcesBuildPhase;
			buildActionMask = 2147483647;
			files = (
				54C610B520EBAB1000E6DB66 /* Shaders.metal in Sources */,
				545D580920EB91900061C0B8 /* ViewController.mm in Sources */,
				545D581120EB91910061C0B8 /* main.m in Sources */,
				545D580620EB91900061C0B8 /* AppDelegate.m in Sources */,
				C9FFFBBD9F49FED262B733E0 /* MainView.mm in Sources */,
			);
			runOnlyForDeploymentPostprocessing = 0;
		};
		545D581320EB91910061C0B8 /* Sources */ = {
			isa = PBXSourcesBuildPhase;
			buildActionMask = 2147483647;
			files = (
				545D581C20EB91910061C0B8 /* MetalExperimentsTests.m in Sources */,
			);
			runOnlyForDeploymentPostprocessing = 0;
		};
/* End PBXSourcesBuildPhase section */

/* Begin PBXTargetDependency section */
		545D581920EB91910061C0B8 /* PBXTargetDependency */ = {
			isa = PBXTargetDependency;
			target = 545D580020EB91900061C0B8 /* MetalExperiments */;
			targetProxy = 545D581820EB91910061C0B8 /* PBXContainerItemProxy */;
		};
/* End PBXTargetDependency section */

/* Begin PBXVariantGroup section */
		545D580C20EB91910061C0B8 /* Main.storyboard */ = {
			isa = PBXVariantGroup;
			children = (
				545D580D20EB91910061C0B8 /* Base */,
			);
			name = Main.storyboard;
			sourceTree = "<group>";
		};
/* End PBXVariantGroup section */

/* Begin XCBuildConfiguration section */
		545D581E20EB91910061C0B8 /* Debug */ = {
			isa = XCBuildConfiguration;
			buildSettings = {
				ALWAYS_SEARCH_USER_PATHS = NO;
				CLANG_ANALYZER_NONNULL = YES;
				CLANG_ANALYZER_NUMBER_OBJECT_CONVERSION = YES_AGGRESSIVE;
				CLANG_CXX_LANGUAGE_STANDARD = "gnu++14";
				CLANG_CXX_LIBRARY = "libc++";
				CLANG_ENABLE_MODULES = YES;
				CLANG_ENABLE_OBJC_ARC = YES;
				CLANG_ENABLE_OBJC_WEAK = YES;
				CLANG_WARN_BLOCK_CAPTURE_AUTORELEASING = YES;
				CLANG_WARN_BOOL_CONVERSION = YES;
				CLANG_WARN_COMMA = YES;
				CLANG_WARN_CONSTANT_CONVERSION = YES;
				CLANG_WARN_DEPRECATED_OBJC_IMPLEMENTATIONS = YES;
				CLANG_WARN_DIRECT_OBJC_ISA_USAGE = YES_ERROR;
				CLANG_WARN_DOCUMENTATION_COMMENTS = YES;
				CLANG_WARN_EMPTY_BODY = YES;
				CLANG_WARN_ENUM_CONVERSION = YES;
				CLANG_WARN_INFINITE_RECURSION = YES;
				CLANG_WARN_INT_CONVERSION = YES;
				CLANG_WARN_NON_LITERAL_NULL_CONVERSION = YES;
				CLANG_WARN_OBJC_IMPLICIT_RETAIN_SELF = YES;
				CLANG_WARN_OBJC_LITERAL_CONVERSION = YES;
				CLANG_WARN_OBJC_ROOT_CLASS = YES_ERROR;
				CLANG_WARN_RANGE_LOOP_ANALYSIS = YES;
				CLANG_WARN_STRICT_PROTOTYPES = YES;
				CLANG_WARN_SUSPICIOUS_MOVE = YES;
				CLANG_WARN_UNGUARDED_AVAILABILITY = YES_AGGRESSIVE;
				CLANG_WARN_UNREACHABLE_CODE = YES;
				CLANG_WARN__DUPLICATE_METHOD_MATCH = YES;
				CODE_SIGN_IDENTITY = "Mac Developer";
				COPY_PHASE_STRIP = NO;
				DEBUG_INFORMATION_FORMAT = dwarf;
				ENABLE_STRICT_OBJC_MSGSEND = YES;
				ENABLE_TESTABILITY = YES;
				GCC_C_LANGUAGE_STANDARD = gnu11;
				GCC_DYNAMIC_NO_PIC = NO;
				GCC_NO_COMMON_BLOCKS = YES;
				GCC_OPTIMIZATION_LEVEL = 0;
				GCC_PREPROCESSOR_DEFINITIONS = (
					"DEBUG=1",
					"$(inherited)",
				);
				GCC_WARN_64_TO_32_BIT_CONVERSION = YES;
				GCC_WARN_ABOUT_RETURN_TYPE = YES_ERROR;
				GCC_WARN_UNDECLARED_SELECTOR = YES;
				GCC_WARN_UNINITIALIZED_AUTOS = YES_AGGRESSIVE;
				GCC_WARN_UNUSED_FUNCTION = YES;
				GCC_WARN_UNUSED_VARIABLE = YES;
				MACOSX_DEPLOYMENT_TARGET = 10.13;
				MTL_ENABLE_DEBUG_INFO = YES;
				ONLY_ACTIVE_ARCH = YES;
				SDKROOT = macosx;
			};
			name = Debug;
		};
		545D581F20EB91910061C0B8 /* Release */ = {
			isa = XCBuildConfiguration;
			buildSettings = {
				ALWAYS_SEARCH_USER_PATHS = NO;
				CLANG_ANALYZER_NONNULL = YES;
				CLANG_ANALYZER_NUMBER_OBJECT_CONVERSION = YES_AGGRESSIVE;
				CLANG_CXX_LANGUAGE_STANDARD = "gnu++14";
				CLANG_CXX_LIBRARY = "libc++";
				CLANG_ENABLE_MODULES = YES;
				CLANG_ENABLE_OBJC_ARC = YES;
				CLANG_ENABLE_OBJC_WEAK = YES;
				CLANG_WARN_BLOCK_CAPTURE_AUTORELEASING = YES;
				CLANG_WARN_BOOL_CONVERSION = YES;
				CLANG_WARN_COMMA = YES;
				CLANG_WARN_CONSTANT_CONVERSION = YES;
				CLANG_WARN_DEPRECATED_OBJC_IMPLEMENTATIONS = YES;
				CLANG_WARN_DIRECT_OBJC_ISA_USAGE = YES_ERROR;
				CLANG_WARN_DOCUMENTATION_COMMENTS = YES;
				CLANG_WARN_EMPTY_BODY = YES;
				CLANG_WARN_ENUM_CONVERSION = YES;
				CLANG_WARN_INFINITE_RECURSION = YES;
				CLANG_WARN_INT_CONVERSION = YES;
				CLANG_WARN_NON_LITERAL_NULL_CONVERSION = YES;
				CLANG_WARN_OBJC_IMPLICIT_RETAIN_SELF = YES;
				CLANG_WARN_OBJC_LITERAL_CONVERSION = YES;
				CLANG_WARN_OBJC_ROOT_CLASS = YES_ERROR;
				CLANG_WARN_RANGE_LOOP_ANALYSIS = YES;
				CLANG_WARN_STRICT_PROTOTYPES = YES;
				CLANG_WARN_SUSPICIOUS_MOVE = YES;
				CLANG_WARN_UNGUARDED_AVAILABILITY = YES_AGGRESSIVE;
				CLANG_WARN_UNREACHABLE_CODE = YES;
				CLANG_WARN__DUPLICATE_METHOD_MATCH = YES;
				CODE_SIGN_IDENTITY = "Mac Developer";
				COPY_PHASE_STRIP = NO;
				DEBUG_INFORMATION_FORMAT = "dwarf-with-dsym";
				ENABLE_NS_ASSERTIONS = NO;
				ENABLE_STRICT_OBJC_MSGSEND = YES;
				GCC_C_LANGUAGE_STANDARD = gnu11;
				GCC_NO_COMMON_BLOCKS = YES;
				GCC_WARN_64_TO_32_BIT_CONVERSION = YES;
				GCC_WARN_ABOUT_RETURN_TYPE = YES_ERROR;
				GCC_WARN_UNDECLARED_SELECTOR = YES;
				GCC_WARN_UNINITIALIZED_AUTOS = YES_AGGRESSIVE;
				GCC_WARN_UNUSED_FUNCTION = YES;
				GCC_WARN_UNUSED_VARIABLE = YES;
				MACOSX_DEPLOYMENT_TARGET = 10.13;
				MTL_ENABLE_DEBUG_INFO = NO;
				SDKROOT = macosx;
			};
			name = Release;
		};
		545D582120EB91910061C0B8 /* Debug */ = {
			isa = XCBuildConfiguration;
			buildSettings = {
				ASSETCATALOG_COMPILER_APPICON_NAME = AppIcon;
				CODE_SIGN_ENTITLEMENTS = MetalExperiments/MetalExperiments.entitlements;
				CODE_SIGN_STYLE = Automatic;
				COMBINE_HIDPI_IMAGES = YES;
				DEVELOPMENT_TEAM = PULWZ8FYD5;
				INFOPLIST_FILE = MetalExperiments/Info.plist;
				LD_RUNPATH_SEARCH_PATHS = (
					"$(inherited)",
					"@executable_path/../Frameworks",
				);
				PRODUCT_BUNDLE_IDENTIFIER = com.neborosoft.MetalExperiments;
				PRODUCT_NAME = "$(TARGET_NAME)";
			};
			name = Debug;
		};
		545D582220EB91910061C0B8 /* Release */ = {
			isa = XCBuildConfiguration;
			buildSettings = {
				ASSETCATALOG_COMPILER_APPICON_NAME = AppIcon;
				CODE_SIGN_ENTITLEMENTS = MetalExperiments/MetalExperiments.entitlements;
				CODE_SIGN_STYLE = Automatic;
				COMBINE_HIDPI_IMAGES = YES;
				DEVELOPMENT_TEAM = PULWZ8FYD5;
				INFOPLIST_FILE = MetalExperiments/Info.plist;
				LD_RUNPATH_SEARCH_PATHS = (
					"$(inherited)",
					"@executable_path/../Frameworks",
				);
				PRODUCT_BUNDLE_IDENTIFIER = com.neborosoft.MetalExperiments;
				PRODUCT_NAME = "$(TARGET_NAME)";
			};
			name = Release;
		};
		545D582420EB91910061C0B8 /* Debug */ = {
			isa = XCBuildConfiguration;
			buildSettings = {
				BUNDLE_LOADER = "$(TEST_HOST)";
				CODE_SIGN_STYLE = Automatic;
				COMBINE_HIDPI_IMAGES = YES;
				DEVELOPMENT_TEAM = PULWZ8FYD5;
				INFOPLIST_FILE = MetalExperimentsTests/Info.plist;
				LD_RUNPATH_SEARCH_PATHS = (
					"$(inherited)",
					"@executable_path/../Frameworks",
					"@loader_path/../Frameworks",
				);
				PRODUCT_BUNDLE_IDENTIFIER = com.neborosoft.MetalExperimentsTests;
				PRODUCT_NAME = "$(TARGET_NAME)";
				TEST_HOST = "$(BUILT_PRODUCTS_DIR)/MetalExperiments.app/Contents/MacOS/MetalExperiments";
			};
			name = Debug;
		};
		545D582520EB91910061C0B8 /* Release */ = {
			isa = XCBuildConfiguration;
			buildSettings = {
				BUNDLE_LOADER = "$(TEST_HOST)";
				CODE_SIGN_STYLE = Automatic;
				COMBINE_HIDPI_IMAGES = YES;
				DEVELOPMENT_TEAM = PULWZ8FYD5;
				INFOPLIST_FILE = MetalExperimentsTests/Info.plist;
				LD_RUNPATH_SEARCH_PATHS = (
					"$(inherited)",
					"@executable_path/../Frameworks",
					"@loader_path/../Frameworks",
				);
				PRODUCT_BUNDLE_IDENTIFIER = com.neborosoft.MetalExperimentsTests;
				PRODUCT_NAME = "$(TARGET_NAME)";
				TEST_HOST = "$(BUILT_PRODUCTS_DIR)/MetalExperiments.app/Contents/MacOS/MetalExperiments";
			};
			name = Release;
		};
/* End XCBuildConfiguration section */

/* Begin XCConfigurationList section */
		545D57FC20EB91900061C0B8 /* Build configuration list for PBXProject "MetalExperiments" */ = {
			isa = XCConfigurationList;
			buildConfigurations = (
				545D581E20EB91910061C0B8 /* Debug */,
				545D581F20EB91910061C0B8 /* Release */,
			);
			defaultConfigurationIsVisible = 0;
			defaultConfigurationName = Release;
		};
		545D582020EB91910061C0B8 /* Build configuration list for PBXNativeTarget "MetalExperiments" */ = {
			isa = XCConfigurationList;
			buildConfigurations = (
				545D582120EB91910061C0B8 /* Debug */,
				545D582220EB91910061C0B8 /* Release */,
			);
			defaultConfigurationIsVisible = 0;
			defaultConfigurationName = Release;
		};
		545D582320EB91910061C0B8 /* Build configuration list for PBXNativeTarget "MetalExperimentsTests" */ = {
			isa = XCConfigurationList;
			buildConfigurations = (
				545D582420EB91910061C0B8 /* Debug */,
				545D582520EB91910061C0B8 /* Release */,
			);
			defaultConfigurationIsVisible = 0;
			defaultConfigurationName = Release;
		};
/* End XCConfigurationList section */
	};
	rootObject = 545D57F920EB91900061C0B8 /* Project object */;
}
